
Microsoft Visual Studio Solution File, Format Version 12.00
# Visual Studio 2012
Project("{F184B08F-C81C-45F6-A57F-5ABD9991F28F}") = "WinFreeReg", "WinFreeReg\WinFreeReg.vbproj", "{2C861969-D0E9-4E76-808C-1F64BAE12BE9}"
	ProjectSection(ProjectDependencies) = postProject
		{38629534-0DF4-4C0D-AFE3-B90114DDEEDB} = {38629534-0DF4-4C0D-AFE3-B90114DDEEDB}
	EndProjectSection
EndProject
Project("{F184B08F-C81C-45F6-A57F-5ABD9991F28F}") = "FreeREG2Browser", "FreeREG2Browser\FreeREG2Browser.vbproj", "{38629534-0DF4-4C0D-AFE3-B90114DDEEDB}"
EndProject
Project("{F184B08F-C81C-45F6-A57F-5ABD9991F28F}") = "LookupTables", "LookupTables\LookupTables.vbproj", "{C3EAF49A-E864-4234-8860-DBDD335778F0}"
EndProject
Project("{F184B08F-C81C-45F6-A57F-5ABD9991F28F}") = "TranscriptionTables", "TranscriptionTables\TranscriptionTables.vbproj", "{88B014CC-B9C9-4CD5-BF08-AF67453D31E9}"
EndProject
Project("{F184B08F-C81C-45F6-A57F-5ABD9991F28F}") = "TestFreeREG2Browser", "TestFreeREG2Browser\TestFreeREG2Browser.vbproj", "{3C4FFB01-9F5B-4688-94AB-49BFEB4633DE}"
EndProject
Project("{F184B08F-C81C-45F6-A57F-5ABD9991F28F}") = "RegexUtilities", "RegexUtilities\RegexUtilities.vbproj", "{C3FC6C01-E52B-4766-A53B-02179B406333}"
EndProject
Project("{F184B08F-C81C-45F6-A57F-5ABD9991F28F}") = "WinFreeRegControlLibrary", "WindowsControlLibrary2\WinFreeRegControlLibrary.vbproj", "{887AAC62-10ED-4AF7-BD7F-D1379272C6DD}"
EndProject
Project("{6141683F-8A12-4E36-9623-2EB02B2C2303}") = "WinFreeRegSetup", "WinFreeRegSetup\WinFreeRegSetup.isproj", "{32087D59-0921-4ED3-B6D1-E88E0A5EAD9B}"
	ProjectSection(ProjectDependencies) = postProject
		{C3FC6C01-E52B-4766-A53B-02179B406333} = {C3FC6C01-E52B-4766-A53B-02179B406333}
		{38629534-0DF4-4C0D-AFE3-B90114DDEEDB} = {38629534-0DF4-4C0D-AFE3-B90114DDEEDB}
		{887AAC62-10ED-4AF7-BD7F-D1379272C6DD} = {887AAC62-10ED-4AF7-BD7F-D1379272C6DD}
		{2C861969-D0E9-4E76-808C-1F64BAE12BE9} = {2C861969-D0E9-4E76-808C-1F64BAE12BE9}
		{C3EAF49A-E864-4234-8860-DBDD335778F0} = {C3EAF49A-E864-4234-8860-DBDD335778F0}
		{88B014CC-B9C9-4CD5-BF08-AF67453D31E9} = {88B014CC-B9C9-4CD5-BF08-AF67453D31E9}
	EndProjectSection
EndProject
Global
	GlobalSection(SolutionConfigurationPlatforms) = preSolution
		CD_ROM|Any CPU = CD_ROM|Any CPU
		CD_ROM|x86 = CD_ROM|x86
		Debug|Any CPU = Debug|Any CPU
		Debug|x86 = Debug|x86
		DVD-5|Any CPU = DVD-5|Any CPU
		DVD-5|x86 = DVD-5|x86
		Release|Any CPU = Release|Any CPU
		Release|x86 = Release|x86
		SingleImage|Any CPU = SingleImage|Any CPU
		SingleImage|x86 = SingleImage|x86
	EndGlobalSection
	GlobalSection(ProjectConfigurationPlatforms) = postSolution
		{2C861969-D0E9-4E76-808C-1F64BAE12BE9}.CD_ROM|Any CPU.ActiveCfg = Release|Any CPU
		{2C861969-D0E9-4E76-808C-1F64BAE12BE9}.CD_ROM|Any CPU.Build.0 = Release|Any CPU
		{2C861969-D0E9-4E76-808C-1F64BAE12BE9}.CD_ROM|x86.ActiveCfg = Release|Any CPU
		{2C861969-D0E9-4E76-808C-1F64BAE12BE9}.Debug|Any CPU.ActiveCfg = Debug|Any CPU
		{2C861969-D0E9-4E76-808C-1F64BAE12BE9}.Debug|Any CPU.Build.0 = Debug|Any CPU
		{2C861969-D0E9-4E76-808C-1F64BAE12BE9}.Debug|x86.ActiveCfg = Debug|Any CPU
		{2C861969-D0E9-4E76-808C-1F64BAE12BE9}.DVD-5|Any CPU.ActiveCfg = Debug|Any CPU
		{2C861969-D0E9-4E76-808C-1F64BAE12BE9}.DVD-5|Any CPU.Build.0 = Debug|Any CPU
		{2C861969-D0E9-4E76-808C-1F64BAE12BE9}.DVD-5|x86.ActiveCfg = Debug|Any CPU
		{2C861969-D0E9-4E76-808C-1F64BAE12BE9}.Release|Any CPU.ActiveCfg = Release|Any CPU
		{2C861969-D0E9-4E76-808C-1F64BAE12BE9}.Release|Any CPU.Build.0 = Release|Any CPU
		{2C861969-D0E9-4E76-808C-1F64BAE12BE9}.Release|x86.ActiveCfg = Release|Any CPU
		{2C861969-D0E9-4E76-808C-1F64BAE12BE9}.SingleImage|Any CPU.ActiveCfg = Release|Any CPU
		{2C861969-D0E9-4E76-808C-1F64BAE12BE9}.SingleImage|Any CPU.Build.0 = Release|Any CPU
		{2C861969-D0E9-4E76-808C-1F64BAE12BE9}.SingleImage|x86.ActiveCfg = Release|Any CPU
		{38629534-0DF4-4C0D-AFE3-B90114DDEEDB}.CD_ROM|Any CPU.ActiveCfg = Release|Any CPU
		{38629534-0DF4-4C0D-AFE3-B90114DDEEDB}.CD_ROM|Any CPU.Build.0 = Release|Any CPU
		{38629534-0DF4-4C0D-AFE3-B90114DDEEDB}.CD_ROM|x86.ActiveCfg = Release|x86
		{38629534-0DF4-4C0D-AFE3-B90114DDEEDB}.CD_ROM|x86.Build.0 = Release|x86
		{38629534-0DF4-4C0D-AFE3-B90114DDEEDB}.Debug|Any CPU.ActiveCfg = Debug|Any CPU
		{38629534-0DF4-4C0D-AFE3-B90114DDEEDB}.Debug|Any CPU.Build.0 = Debug|Any CPU
		{38629534-0DF4-4C0D-AFE3-B90114DDEEDB}.Debug|x86.ActiveCfg = Debug|x86
		{38629534-0DF4-4C0D-AFE3-B90114DDEEDB}.Debug|x86.Build.0 = Debug|x86
		{38629534-0DF4-4C0D-AFE3-B90114DDEEDB}.DVD-5|Any CPU.ActiveCfg = Debug|Any CPU
		{38629534-0DF4-4C0D-AFE3-B90114DDEEDB}.DVD-5|Any CPU.Build.0 = Debug|Any CPU
		{38629534-0DF4-4C0D-AFE3-B90114DDEEDB}.DVD-5|x86.ActiveCfg = Debug|x86
		{38629534-0DF4-4C0D-AFE3-B90114DDEEDB}.DVD-5|x86.Build.0 = Debug|x86
		{38629534-0DF4-4C0D-AFE3-B90114DDEEDB}.Release|Any CPU.ActiveCfg = Release|Any CPU
		{38629534-0DF4-4C0D-AFE3-B90114DDEEDB}.Release|Any CPU.Build.0 = Release|Any CPU
		{38629534-0DF4-4C0D-AFE3-B90114DDEEDB}.Release|x86.ActiveCfg = Release|x86
		{38629534-0DF4-4C0D-AFE3-B90114DDEEDB}.Release|x86.Build.0 = Release|x86
		{38629534-0DF4-4C0D-AFE3-B90114DDEEDB}.SingleImage|Any CPU.ActiveCfg = Release|Any CPU
		{38629534-0DF4-4C0D-AFE3-B90114DDEEDB}.SingleImage|Any CPU.Build.0 = Release|Any CPU
		{38629534-0DF4-4C0D-AFE3-B90114DDEEDB}.SingleImage|x86.ActiveCfg = Release|x86
		{38629534-0DF4-4C0D-AFE3-B90114DDEEDB}.SingleImage|x86.Build.0 = Release|x86
		{C3EAF49A-E864-4234-8860-DBDD335778F0}.CD_ROM|Any CPU.ActiveCfg = Release|Any CPU
		{C3EAF49A-E864-4234-8860-DBDD335778F0}.CD_ROM|Any CPU.Build.0 = Release|Any CPU
		{C3EAF49A-E864-4234-8860-DBDD335778F0}.CD_ROM|x86.ActiveCfg = Release|x86
		{C3EAF49A-E864-4234-8860-DBDD335778F0}.CD_ROM|x86.Build.0 = Release|x86
		{C3EAF49A-E864-4234-8860-DBDD335778F0}.Debug|Any CPU.ActiveCfg = Debug|Any CPU
		{C3EAF49A-E864-4234-8860-DBDD335778F0}.Debug|Any CPU.Build.0 = Debug|Any CPU
		{C3EAF49A-E864-4234-8860-DBDD335778F0}.Debug|x86.ActiveCfg = Debug|x86
		{C3EAF49A-E864-4234-8860-DBDD335778F0}.Debug|x86.Build.0 = Debug|x86
		{C3EAF49A-E864-4234-8860-DBDD335778F0}.DVD-5|Any CPU.ActiveCfg = Debug|Any CPU
		{C3EAF49A-E864-4234-8860-DBDD335778F0}.DVD-5|Any CPU.Build.0 = Debug|Any CPU
		{C3EAF49A-E864-4234-8860-DBDD335778F0}.DVD-5|x86.ActiveCfg = Debug|x86
		{C3EAF49A-E864-4234-8860-DBDD335778F0}.DVD-5|x86.Build.0 = Debug|x86
		{C3EAF49A-E864-4234-8860-DBDD335778F0}.Release|Any CPU.ActiveCfg = Release|Any CPU
		{C3EAF49A-E864-4234-8860-DBDD335778F0}.Release|Any CPU.Build.0 = Release|Any CPU
		{C3EAF49A-E864-4234-8860-DBDD335778F0}.Release|x86.ActiveCfg = Release|x86
		{C3EAF49A-E864-4234-8860-DBDD335778F0}.Release|x86.Build.0 = Release|x86
		{C3EAF49A-E864-4234-8860-DBDD335778F0}.SingleImage|Any CPU.ActiveCfg = Release|Any CPU
		{C3EAF49A-E864-4234-8860-DBDD335778F0}.SingleImage|Any CPU.Build.0 = Release|Any CPU
		{C3EAF49A-E864-4234-8860-DBDD335778F0}.SingleImage|x86.ActiveCfg = Release|x86
		{C3EAF49A-E864-4234-8860-DBDD335778F0}.SingleImage|x86.Build.0 = Release|x86
		{88B014CC-B9C9-4CD5-BF08-AF67453D31E9}.CD_ROM|Any CPU.ActiveCfg = Release|Any CPU
		{88B014CC-B9C9-4CD5-BF08-AF67453D31E9}.CD_ROM|Any CPU.Build.0 = Release|Any CPU
		{88B014CC-B9C9-4CD5-BF08-AF67453D31E9}.CD_ROM|x86.ActiveCfg = Release|x86
		{88B014CC-B9C9-4CD5-BF08-AF67453D31E9}.CD_ROM|x86.Build.0 = Release|x86
		{88B014CC-B9C9-4CD5-BF08-AF67453D31E9}.Debug|Any CPU.ActiveCfg = Debug|Any CPU
		{88B014CC-B9C9-4CD5-BF08-AF67453D31E9}.Debug|Any CPU.Build.0 = Debug|Any CPU
		{88B014CC-B9C9-4CD5-BF08-AF67453D31E9}.Debug|x86.ActiveCfg = Debug|x86
		{88B014CC-B9C9-4CD5-BF08-AF67453D31E9}.Debug|x86.Build.0 = Debug|x86
		{88B014CC-B9C9-4CD5-BF08-AF67453D31E9}.DVD-5|Any CPU.ActiveCfg = Debug|Any CPU
		{88B014CC-B9C9-4CD5-BF08-AF67453D31E9}.DVD-5|Any CPU.Build.0 = Debug|Any CPU
		{88B014CC-B9C9-4CD5-BF08-AF67453D31E9}.DVD-5|x86.ActiveCfg = Debug|x86
		{88B014CC-B9C9-4CD5-BF08-AF67453D31E9}.DVD-5|x86.Build.0 = Debug|x86
		{88B014CC-B9C9-4CD5-BF08-AF67453D31E9}.Release|Any CPU.ActiveCfg = Release|Any CPU
		{88B014CC-B9C9-4CD5-BF08-AF67453D31E9}.Release|Any CPU.Build.0 = Release|Any CPU
		{88B014CC-B9C9-4CD5-BF08-AF67453D31E9}.Release|x86.ActiveCfg = Release|x86
		{88B014CC-B9C9-4CD5-BF08-AF67453D31E9}.Release|x86.Build.0 = Release|x86
		{88B014CC-B9C9-4CD5-BF08-AF67453D31E9}.SingleImage|Any CPU.ActiveCfg = Release|Any CPU
		{88B014CC-B9C9-4CD5-BF08-AF67453D31E9}.SingleImage|Any CPU.Build.0 = Release|Any CPU
		{88B014CC-B9C9-4CD5-BF08-AF67453D31E9}.SingleImage|x86.ActiveCfg = Release|x86
		{88B014CC-B9C9-4CD5-BF08-AF67453D31E9}.SingleImage|x86.Build.0 = Release|x86
		{3C4FFB01-9F5B-4688-94AB-49BFEB4633DE}.CD_ROM|Any CPU.ActiveCfg = Release|Any CPU
		{3C4FFB01-9F5B-4688-94AB-49BFEB4633DE}.CD_ROM|Any CPU.Build.0 = Release|Any CPU
		{3C4FFB01-9F5B-4688-94AB-49BFEB4633DE}.CD_ROM|x86.ActiveCfg = Release|x86
		{3C4FFB01-9F5B-4688-94AB-49BFEB4633DE}.CD_ROM|x86.Build.0 = Release|x86
		{3C4FFB01-9F5B-4688-94AB-49BFEB4633DE}.Debug|Any CPU.ActiveCfg = Debug|Any CPU
		{3C4FFB01-9F5B-4688-94AB-49BFEB4633DE}.Debug|Any CPU.Build.0 = Debug|Any CPU
		{3C4FFB01-9F5B-4688-94AB-49BFEB4633DE}.Debug|x86.ActiveCfg = Debug|x86
		{3C4FFB01-9F5B-4688-94AB-49BFEB4633DE}.Debug|x86.Build.0 = Debug|x86
		{3C4FFB01-9F5B-4688-94AB-49BFEB4633DE}.DVD-5|Any CPU.ActiveCfg = Debug|Any CPU
		{3C4FFB01-9F5B-4688-94AB-49BFEB4633DE}.DVD-5|Any CPU.Build.0 = Debug|Any CPU
		{3C4FFB01-9F5B-4688-94AB-49BFEB4633DE}.DVD-5|x86.ActiveCfg = Debug|x86
		{3C4FFB01-9F5B-4688-94AB-49BFEB4633DE}.DVD-5|x86.Build.0 = Debug|x86
		{3C4FFB01-9F5B-4688-94AB-49BFEB4633DE}.Release|Any CPU.ActiveCfg = Release|Any CPU
		{3C4FFB01-9F5B-4688-94AB-49BFEB4633DE}.Release|Any CPU.Build.0 = Release|Any CPU
		{3C4FFB01-9F5B-4688-94AB-49BFEB4633DE}.Release|x86.ActiveCfg = Release|x86
		{3C4FFB01-9F5B-4688-94AB-49BFEB4633DE}.Release|x86.Build.0 = Release|x86
		{3C4FFB01-9F5B-4688-94AB-49BFEB4633DE}.SingleImage|Any CPU.ActiveCfg = Release|Any CPU
		{3C4FFB01-9F5B-4688-94AB-49BFEB4633DE}.SingleImage|Any CPU.Build.0 = Release|Any CPU
		{3C4FFB01-9F5B-4688-94AB-49BFEB4633DE}.SingleImage|x86.ActiveCfg = Release|x86
		{3C4FFB01-9F5B-4688-94AB-49BFEB4633DE}.SingleImage|x86.Build.0 = Release|x86
		{C3FC6C01-E52B-4766-A53B-02179B406333}.CD_ROM|Any CPU.ActiveCfg = Release|Any CPU
		{C3FC6C01-E52B-4766-A53B-02179B406333}.CD_ROM|Any CPU.Build.0 = Release|Any CPU
		{C3FC6C01-E52B-4766-A53B-02179B406333}.CD_ROM|x86.ActiveCfg = Release|Any CPU
		{C3FC6C01-E52B-4766-A53B-02179B406333}.Debug|Any CPU.ActiveCfg = Debug|Any CPU
		{C3FC6C01-E52B-4766-A53B-02179B406333}.Debug|Any CPU.Build.0 = Debug|Any CPU
		{C3FC6C01-E52B-4766-A53B-02179B406333}.Debug|x86.ActiveCfg = Debug|Any CPU
		{C3FC6C01-E52B-4766-A53B-02179B406333}.DVD-5|Any CPU.ActiveCfg = Debug|Any CPU
		{C3FC6C01-E52B-4766-A53B-02179B406333}.DVD-5|Any CPU.Build.0 = Debug|Any CPU
		{C3FC6C01-E52B-4766-A53B-02179B406333}.DVD-5|x86.ActiveCfg = Debug|Any CPU
		{C3FC6C01-E52B-4766-A53B-02179B406333}.Release|Any CPU.ActiveCfg = Release|Any CPU
		{C3FC6C01-E52B-4766-A53B-02179B406333}.Release|Any CPU.Build.0 = Release|Any CPU
		{C3FC6C01-E52B-4766-A53B-02179B406333}.Release|x86.ActiveCfg = Release|Any CPU
		{C3FC6C01-E52B-4766-A53B-02179B406333}.SingleImage|Any CPU.ActiveCfg = Release|Any CPU
		{C3FC6C01-E52B-4766-A53B-02179B406333}.SingleImage|Any CPU.Build.0 = Release|Any CPU
		{C3FC6C01-E52B-4766-A53B-02179B406333}.SingleImage|x86.ActiveCfg = Release|Any CPU
		{887AAC62-10ED-4AF7-BD7F-D1379272C6DD}.CD_ROM|Any CPU.ActiveCfg = Release|Any CPU
		{887AAC62-10ED-4AF7-BD7F-D1379272C6DD}.CD_ROM|Any CPU.Build.0 = Release|Any CPU
		{887AAC62-10ED-4AF7-BD7F-D1379272C6DD}.CD_ROM|x86.ActiveCfg = Release|Any CPU
		{887AAC62-10ED-4AF7-BD7F-D1379272C6DD}.Debug|Any CPU.ActiveCfg = Debug|Any CPU
		{887AAC62-10ED-4AF7-BD7F-D1379272C6DD}.Debug|Any CPU.Build.0 = Debug|Any CPU
		{887AAC62-10ED-4AF7-BD7F-D1379272C6DD}.Debug|x86.ActiveCfg = Debug|Any CPU
		{887AAC62-10ED-4AF7-BD7F-D1379272C6DD}.DVD-5|Any CPU.ActiveCfg = Debug|Any CPU
		{887AAC62-10ED-4AF7-BD7F-D1379272C6DD}.DVD-5|Any CPU.Build.0 = Debug|Any CPU
		{887AAC62-10ED-4AF7-BD7F-D1379272C6DD}.DVD-5|x86.ActiveCfg = Debug|Any CPU
		{887AAC62-10ED-4AF7-BD7F-D1379272C6DD}.Release|Any CPU.ActiveCfg = Release|Any CPU
		{887AAC62-10ED-4AF7-BD7F-D1379272C6DD}.Release|Any CPU.Build.0 = Release|Any CPU
		{887AAC62-10ED-4AF7-BD7F-D1379272C6DD}.Release|x86.ActiveCfg = Release|Any CPU
		{887AAC62-10ED-4AF7-BD7F-D1379272C6DD}.SingleImage|Any CPU.ActiveCfg = Release|Any CPU
		{887AAC62-10ED-4AF7-BD7F-D1379272C6DD}.SingleImage|Any CPU.Build.0 = Release|Any CPU
		{887AAC62-10ED-4AF7-BD7F-D1379272C6DD}.SingleImage|x86.ActiveCfg = Release|Any CPU
		{32087D59-0921-4ED3-B6D1-E88E0A5EAD9B}.CD_ROM|Any CPU.ActiveCfg = CD_ROM
		{32087D59-0921-4ED3-B6D1-E88E0A5EAD9B}.CD_ROM|Any CPU.Build.0 = CD_ROM
		{32087D59-0921-4ED3-B6D1-E88E0A5EAD9B}.CD_ROM|x86.ActiveCfg = CD_ROM
		{32087D59-0921-4ED3-B6D1-E88E0A5EAD9B}.CD_ROM|x86.Build.0 = CD_ROM
		{32087D59-0921-4ED3-B6D1-E88E0A5EAD9B}.Debug|Any CPU.ActiveCfg = SingleImage
		{32087D59-0921-4ED3-B6D1-E88E0A5EAD9B}.Debug|Any CPU.Build.0 = SingleImage
		{32087D59-0921-4ED3-B6D1-E88E0A5EAD9B}.Debug|x86.ActiveCfg = DVD-5
		{32087D59-0921-4ED3-B6D1-E88E0A5EAD9B}.Debug|x86.Build.0 = DVD-5
		{32087D59-0921-4ED3-B6D1-E88E0A5EAD9B}.DVD-5|Any CPU.ActiveCfg = DVD-5
		{32087D59-0921-4ED3-B6D1-E88E0A5EAD9B}.DVD-5|Any CPU.Build.0 = DVD-5
		{32087D59-0921-4ED3-B6D1-E88E0A5EAD9B}.DVD-5|x86.ActiveCfg = DVD-5
		{32087D59-0921-4ED3-B6D1-E88E0A5EAD9B}.DVD-5|x86.Build.0 = DVD-5
		{32087D59-0921-4ED3-B6D1-E88E0A5EAD9B}.Release|Any CPU.ActiveCfg = SingleImage
		{32087D59-0921-4ED3-B6D1-E88E0A5EAD9B}.Release|Any CPU.Build.0 = SingleImage
		{32087D59-0921-4ED3-B6D1-E88E0A5EAD9B}.Release|x86.ActiveCfg = SingleImage
		{32087D59-0921-4ED3-B6D1-E88E0A5EAD9B}.Release|x86.Build.0 = SingleImage
		{32087D59-0921-4ED3-B6D1-E88E0A5EAD9B}.SingleImage|Any CPU.ActiveCfg = SingleImage
		{32087D59-0921-4ED3-B6D1-E88E0A5EAD9B}.SingleImage|Any CPU.Build.0 = SingleImage
		{32087D59-0921-4ED3-B6D1-E88E0A5EAD9B}.SingleImage|x86.ActiveCfg = SingleImage
		{32087D59-0921-4ED3-B6D1-E88E0A5EAD9B}.SingleImage|x86.Build.0 = SingleImage
	EndGlobalSection
	GlobalSection(SolutionProperties) = preSolution
		HideSolutionNode = FALSE
	EndGlobalSection
EndGlobal
